{
  "name": "hiking",
  "lockfileVersion": 3,
  "requires": true,
  "packages": {
    "": {
      "dependencies": {
        "@fontsource/inter": "^5.2.8",
        "@fontsource/merriweather": "^5.2.11"
      },
      "devDependencies": {
        "speckit": "latest"
      }
    },
    "node_modules/@fontsource/inter": {
      "version": "5.2.8",
      "resolved": "https://registry.npmjs.org/@fontsource/inter/-/inter-5.2.8.tgz",
      "integrity": "sha512-P6r5WnJoKiNVV+zvW2xM13gNdFhAEpQ9dQJHt3naLvfg+LkF2ldgSLiF4T41lf1SQCM9QmkqPTn4TH568IRagg==",
      "license": "OFL-1.1",
      "funding": {
        "url": "https://github.com/sponsors/ayuhito"
      }
    },
    "node_modules/@fontsource/merriweather": {
      "version": "5.2.11",
      "resolved": "https://registry.npmjs.org/@fontsource/merriweather/-/merriweather-5.2.11.tgz",
      "integrity": "sha512-ZiIMeUh5iT8d73o6xlSF8GKgjV5pgiFrufYc5jZTVAfExtWKqM2vQHnsqXSFMv4ELhAcjt6Vf+5T3oVGXhAizQ==",
      "license": "OFL-1.1",
      "funding": {
        "url": "https://github.com/sponsors/ayuhito"
      }
    },
    "node_modules/speckit": {
      "version": "0.1.0",
      "resolved": "https://registry.npmjs.org/speckit/-/speckit-0.1.0.tgz",
      "integrity": "sha512-KRjBj8oLmQc8MPcPeVaQLSLU3x3ju2PXdqjaDAIjxjp1pWY7lg3yNLa5ihU3bBHePNfeSImxzqTqKwT1D+KtJg==",
      "dev": true,
      "license": "GPL-3.0-only"
    }
  }
}
